
Microsoft Visual Studio Solution File, Format Version 12.00
# Visual Studio Version 17
VisualStudioVersion = 17.7.34031.279
MinimumVisualStudioVersion = 10.0.40219.1
Project("{FAE04EC0-301F-11D3-BF4B-00C04F79EFBC}") = "Tinder", "Tinder\Tinder.csproj", "{21F1B52E-B197-432A-8F48-829368D1199D}"
EndProject
Global
	GlobalSection(SolutionConfigurationPlatforms) = preSolution
		Debug|Any CPU = Debug|Any CPU
		Release|Any CPU = Release|Any CPU
	EndGlobalSection
	GlobalSection(ProjectConfigurationPlatforms) = postSolution
		{21F1B52E-B197-432A-8F48-829368D1199D}.Debug|Any CPU.ActiveCfg = Debug|Any CPU
		{21F1B52E-B197-432A-8F48-829368D1199D}.Debug|Any CPU.Build.0 = Debug|Any CPU
		{21F1B52E-B197-432A-8F48-829368D1199D}.Release|Any CPU.ActiveCfg = Release|Any CPU
		{21F1B52E-B197-432A-8F48-829368D1199D}.Release|Any CPU.Build.0 = Release|Any CPU
	EndGlobalSection
	GlobalSection(SolutionProperties) = preSolution
		HideSolutionNode = FALSE
	EndGlobalSection
	GlobalSection(ExtensibilityGlobals) = postSolution
		SolutionGuid = {7E8CD724-89AC-4FC4-93E4-89E45B4D3D8D}
	EndGlobalSection
EndGlobal
